
Microsoft Visual Studio Solution File, Format Version 12.00
# Visual Studio Version 17
VisualStudioVersion = 17.9.34728.123
MinimumVisualStudioVersion = 10.0.40219.1
Project("{9A19103F-16F7-4668-BE54-9A1E7A4F7556}") = "CoreMvcTemplate", "CoreMvcTemplate\CoreMvcTemplate.csproj", "{76585C6C-CD22-4524-8D7D-F218C32AC4DC}"
EndProject
Global
	GlobalSection(SolutionConfigurationPlatforms) = preSolution
		Debug|Any CPU = Debug|Any CPU
		Debug|x86 = Debug|x86
		pdfium test|Any CPU = pdfium test|Any CPU
		pdfium test|x86 = pdfium test|x86
		Release|Any CPU = Release|Any CPU
		Release|x86 = Release|x86
	EndGlobalSection
	GlobalSection(ProjectConfigurationPlatforms) = postSolution
		{76585C6C-CD22-4524-8D7D-F218C32AC4DC}.Debug|Any CPU.ActiveCfg = Debug|Any CPU
		{76585C6C-CD22-4524-8D7D-F218C32AC4DC}.Debug|Any CPU.Build.0 = Debug|Any CPU
		{76585C6C-CD22-4524-8D7D-F218C32AC4DC}.Debug|x86.ActiveCfg = Debug|x86
		{76585C6C-CD22-4524-8D7D-F218C32AC4DC}.Debug|x86.Build.0 = Debug|x86
		{76585C6C-CD22-4524-8D7D-F218C32AC4DC}.pdfium test|Any CPU.ActiveCfg = pdfium test|Any CPU
		{76585C6C-CD22-4524-8D7D-F218C32AC4DC}.pdfium test|Any CPU.Build.0 = pdfium test|Any CPU
		{76585C6C-CD22-4524-8D7D-F218C32AC4DC}.pdfium test|x86.ActiveCfg = Release|x86
		{76585C6C-CD22-4524-8D7D-F218C32AC4DC}.pdfium test|x86.Build.0 = Release|x86
		{76585C6C-CD22-4524-8D7D-F218C32AC4DC}.Release|Any CPU.ActiveCfg = Release|Any CPU
		{76585C6C-CD22-4524-8D7D-F218C32AC4DC}.Release|Any CPU.Build.0 = Release|Any CPU
		{76585C6C-CD22-4524-8D7D-F218C32AC4DC}.Release|x86.ActiveCfg = Release|x86
		{76585C6C-CD22-4524-8D7D-F218C32AC4DC}.Release|x86.Build.0 = Release|x86
	EndGlobalSection
	GlobalSection(SolutionProperties) = preSolution
		HideSolutionNode = FALSE
	EndGlobalSection
	GlobalSection(ExtensibilityGlobals) = postSolution
		SolutionGuid = {B4538A15-D827-4C36-8E53-98C1CE3F6C02}
	EndGlobalSection
EndGlobal
